
Microsoft Visual Studio Solution File, Format Version 12.00
# Visual Studio Version 17
VisualStudioVersion = 17.10.34928.147
MinimumVisualStudioVersion = 10.0.40219.1
Project("{FAE04EC0-301F-11D3-BF4B-00C04F79EFBC}") = "MechanicsWorkshopApi", "MechanicsWorkshopApi\MechanicsWorkshopApi.csproj", "{FBB8C618-D90F-40F9-9212-BFB55679545D}"
EndProject
Global
	GlobalSection(SolutionConfigurationPlatforms) = preSolution
		Debug|Any CPU = Debug|Any CPU
		Release|Any CPU = Release|Any CPU
	EndGlobalSection
	GlobalSection(ProjectConfigurationPlatforms) = postSolution
		{FBB8C618-D90F-40F9-9212-BFB55679545D}.Debug|Any CPU.ActiveCfg = Debug|Any CPU
		{FBB8C618-D90F-40F9-9212-BFB55679545D}.Debug|Any CPU.Build.0 = Debug|Any CPU
		{FBB8C618-D90F-40F9-9212-BFB55679545D}.Release|Any CPU.ActiveCfg = Release|Any CPU
		{FBB8C618-D90F-40F9-9212-BFB55679545D}.Release|Any CPU.Build.0 = Release|Any CPU
	EndGlobalSection
	GlobalSection(SolutionProperties) = preSolution
		HideSolutionNode = FALSE
	EndGlobalSection
	GlobalSection(ExtensibilityGlobals) = postSolution
		SolutionGuid = {859F2A06-DBF4-4263-BB81-5CDF8C410334}
	EndGlobalSection
EndGlobal
